
Microsoft Visual Studio Solution File, Format Version 12.00
# Visual Studio 14
VisualStudioVersion = 14.0.25420.1
MinimumVisualStudioVersion = 10.0.40219.1
Project("{2150E333-8FDC-42A3-9474-1A3956D46DE8}") = "src", "src", "{4522E31B-92FA-4965-8ADF-8DDA0D9134EC}"
EndProject
Project("{2150E333-8FDC-42A3-9474-1A3956D46DE8}") = "Solution Items", "Solution Items", "{B86ED00B-F341-4B3A-8C94-A0D8347A20F7}"
	ProjectSection(SolutionItems) = preProject
		global.json = global.json
	EndProjectSection
EndProject
Project("{8BB2217D-0F2D-49D1-97BC-3654ED321F3B}") = "LocalizationBug", "src\LocalizationBug\LocalizationBug.xproj", "{BE5789DA-5A58-4C6C-AB3E-BAD0F1C7517E}"
EndProject
Global
	GlobalSection(SolutionConfigurationPlatforms) = preSolution
		Debug|Any CPU = Debug|Any CPU
		Release|Any CPU = Release|Any CPU
	EndGlobalSection
	GlobalSection(ProjectConfigurationPlatforms) = postSolution
		{BE5789DA-5A58-4C6C-AB3E-BAD0F1C7517E}.Debug|Any CPU.ActiveCfg = Debug|Any CPU
		{BE5789DA-5A58-4C6C-AB3E-BAD0F1C7517E}.Debug|Any CPU.Build.0 = Debug|Any CPU
		{BE5789DA-5A58-4C6C-AB3E-BAD0F1C7517E}.Release|Any CPU.ActiveCfg = Release|Any CPU
		{BE5789DA-5A58-4C6C-AB3E-BAD0F1C7517E}.Release|Any CPU.Build.0 = Release|Any CPU
	EndGlobalSection
	GlobalSection(SolutionProperties) = preSolution
		HideSolutionNode = FALSE
	EndGlobalSection
	GlobalSection(NestedProjects) = preSolution
		{BE5789DA-5A58-4C6C-AB3E-BAD0F1C7517E} = {4522E31B-92FA-4965-8ADF-8DDA0D9134EC}
	EndGlobalSection
EndGlobal
